Microsoft Visual Studio Solution File, Format Version 12.00
# Visual Studio 2012
Project("{FAE04EC0-301F-11D3-BF4B-00C04F79EFBC}") = "MQTTSubscribeProject", "MQTTSubscribeProject.csproj", "{EA22D11A-4453-4B6A-9560-811E9576EF59}" EndProject
Global
	GlobalSection(SolutionConfigurationPlatforms) = preSolution
		Debug|Any CPU = Debug|Any CPU
		Release|Any CPU = Release|Any CPU
	EndGlobalSection
	GlobalSection(ProjectConfigurationPlatforms) = postSolution
		{EA22D11A-4453-4B6A-9560-811E9576EF59}.Debug|Any CPU.ActiveCfg = Debug|Any CPU
		{EA22D11A-4453-4B6A-9560-811E9576EF59}.Debug|Any CPU.Build.0 = Debug|Any CPU
		{EA22D11A-4453-4B6A-9560-811E9576EF59}.Release|Any CPU.ActiveCfg = Release|Any CPU
		{EA22D11A-4453-4B6A-9560-811E9576EF59}.Release|Any CPU.Build.0 = Release|Any CPU
	EndGlobalSection
	GlobalSection(SolutionProperties) = preSolution
		HideSolutionNode = FALSE
	EndGlobalSection
EndGlobal
